
Microsoft Visual Studio Solution File, Format Version 12.00
# Visual Studio Version 16
VisualStudioVersion = 16.0.34031.81
MinimumVisualStudioVersion = 10.0.40219.1
Project("{2150E333-8FDC-42A3-9474-1A3956D46DE8}") = "Task0", "Task0", "{92EB78C5-0047-47B6-9DD7-F83D99E5D72B}"
EndProject
Project("{FAE04EC0-301F-11D3-BF4B-00C04F79EFBC}") = "Tyuiu.YagodinVA.Sprint3.Task0.V28", "Tyuiu.YagodinVA.Sprint3.Task0.V28\Tyuiu.YagodinVA.Sprint3.Task0.V28.csproj", "{FD990CCF-627A-4093-9FC1-2DA9CE4329B0}"
EndProject
Project("{FAE04EC0-301F-11D3-BF4B-00C04F79EFBC}") = "Tyuiu.YagodinVA.Sprint3.Task0.V28.Lib", "Tyuiu.YagodinVA.Sprint3.Task0.V28.Lib\Tyuiu.YagodinVA.Sprint3.Task0.V28.Lib.csproj", "{FA40BD78-341A-46BA-A61D-EDEF0368A569}"
EndProject
Project("{FAE04EC0-301F-11D3-BF4B-00C04F79EFBC}") = "Tyuiu.YagodinVA.Sprint3.Task0.V28.Test", "Tyuiu.YagodinVA.Sprint3.Task0.V28.Test\Tyuiu.YagodinVA.Sprint3.Task0.V28.Test.csproj", "{6FF6F6B0-0FBB-4079-AF3B-370FC7DC1D5F}"
EndProject
Project("{2150E333-8FDC-42A3-9474-1A3956D46DE8}") = "Task1", "Task1", "{56EC3A33-B933-4464-96AC-F8393999DF31}"
EndProject
Project("{FAE04EC0-301F-11D3-BF4B-00C04F79EFBC}") = "Tyuiu.YagodinVA.Sprint3.Task1.V26", "Tyuiu.YagodinVA.Sprint3.Task1.V26\Tyuiu.YagodinVA.Sprint3.Task1.V26.csproj", "{286B9943-1601-408F-BD04-6A5F01DD6979}"
EndProject
Project("{FAE04EC0-301F-11D3-BF4B-00C04F79EFBC}") = "Tyuiu.YagodinVA.Sprint3.Task1.V26.Lib", "Tyuiu.YagodinVA.Sprint3.Task1.V26.Lib\Tyuiu.YagodinVA.Sprint3.Task1.V26.Lib.csproj", "{C6189786-E65C-4FD3-B0F5-0CD30C3C6373}"
EndProject
Project("{FAE04EC0-301F-11D3-BF4B-00C04F79EFBC}") = "Tyuiu.YagodinVA.Sprint3.Task1.V26.Test", "Tyuiu.YagodinVA.Sprint3.Task1.V26.Test\Tyuiu.YagodinVA.Sprint3.Task1.V26.Test.csproj", "{C5B25E44-5BAC-4DD8-944A-78FF0C544530}"
EndProject
Project("{2150E333-8FDC-42A3-9474-1A3956D46DE8}") = "Task2", "Task2", "{667DDD50-3439-41E9-8850-16A69B488923}"
EndProject
Project("{FAE04EC0-301F-11D3-BF4B-00C04F79EFBC}") = "Tyuiu.YagodinVA.Sprint3.Task2.V3", "Tyuiu.YagodinVA.Sprint3.Task2.V3\Tyuiu.YagodinVA.Sprint3.Task2.V3.csproj", "{83B96C41-8A09-43D3-A531-C4358FE23629}"
EndProject
Project("{FAE04EC0-301F-11D3-BF4B-00C04F79EFBC}") = "Tyuiu.YagodinVA.Sprint3.Task2.V3.Lib", "Tyuiu.YagodinVA.Sprint3.Task2.V3.Lib\Tyuiu.YagodinVA.Sprint3.Task2.V3.Lib.csproj", "{F71F3A1B-40EA-4B3A-B1E5-02B37A5BC7FA}"
EndProject
Project("{FAE04EC0-301F-11D3-BF4B-00C04F79EFBC}") = "Tyuiu.YagodinVA.Sprint3.Task2.V3.Test", "Tyuiu.YagodinVA.Sprint3.Task2.V3.Test\Tyuiu.YagodinVA.Sprint3.Task2.V3.Test.csproj", "{A46286D2-68DD-4A2E-99E9-F072F50D1E6A}"
EndProject
Project("{2150E333-8FDC-42A3-9474-1A3956D46DE8}") = "Task3", "Task3", "{34B60750-68A1-4B01-8ECE-F32DB89C5141}"
EndProject
Project("{FAE04EC0-301F-11D3-BF4B-00C04F79EFBC}") = "Tyuiu.YagodinVA.Sprint3.Task3.V16", "Tyuiu.YagodinVA.Sprint3.Task3.V16\Tyuiu.YagodinVA.Sprint3.Task3.V16.csproj", "{3F00680A-21AE-49FF-A526-CA3799C0BDDE}"
EndProject
Project("{FAE04EC0-301F-11D3-BF4B-00C04F79EFBC}") = "Tyuiu.YagodinVA.Sprint3.Task3.V16.Lib", "Tyuiu.YagodinVA.Sprint3.Task3.V16.Lib\Tyuiu.YagodinVA.Sprint3.Task3.V16.Lib.csproj", "{ECA5F682-6506-42A7-B405-B3F12E897004}"
EndProject
Project("{FAE04EC0-301F-11D3-BF4B-00C04F79EFBC}") = "Tyuiu.YagodinVA.Sprint3.Task3.V16.Test", "Tyuiu.YagodinVA.Sprint3.Task3.V16.Test\Tyuiu.YagodinVA.Sprint3.Task3.V16.Test.csproj", "{D450D1C7-C022-4A95-B93D-5A991B865931}"
EndProject
Project("{2150E333-8FDC-42A3-9474-1A3956D46DE8}") = "Task4", "Task4", "{4B374E34-5B07-4865-A348-38F87320E136}"
EndProject
Project("{FAE04EC0-301F-11D3-BF4B-00C04F79EFBC}") = "Tyuiu.YagodinVA.Sprint3.Task4.V23", "Tyuiu.YagodinVA.Sprint3.Task4.V23\Tyuiu.YagodinVA.Sprint3.Task4.V23.csproj", "{03DCF82E-19C6-49C1-B3D7-24F537BFAEA1}"
EndProject
Project("{FAE04EC0-301F-11D3-BF4B-00C04F79EFBC}") = "Tyuiu.YagodinVA.Sprint3.Task4.V23.Lib", "Tyuiu.YagodinVA.Sprint3.Task4.V23.Lib\Tyuiu.YagodinVA.Sprint3.Task4.V23.Lib.csproj", "{7E9F940B-37CA-4033-9742-3B1F53099AD3}"
EndProject
Project("{FAE04EC0-301F-11D3-BF4B-00C04F79EFBC}") = "Tyuiu.YagodinVA.Sprint3.Task4.V23.Test", "Tyuiu.YagodinVA.Sprint3.Task4.V23.Test\Tyuiu.YagodinVA.Sprint3.Task4.V23.Test.csproj", "{E16DC285-5F6F-49D0-BE1E-5269F013A7DC}"
EndProject
Project("{2150E333-8FDC-42A3-9474-1A3956D46DE8}") = "Task5", "Task5", "{AB4BD6E9-FC93-4A95-B43D-3A0543667175}"
EndProject
Project("{FAE04EC0-301F-11D3-BF4B-00C04F79EFBC}") = "Tyuiu.YagodinVA.Sprint3.Task5.V16", "Tyuiu.YagodinVA.Sprint3.Task5.V16\Tyuiu.YagodinVA.Sprint3.Task5.V16.csproj", "{150A7AD6-D21F-4EFF-B8CF-2EC4A25305AE}"
EndProject
Project("{FAE04EC0-301F-11D3-BF4B-00C04F79EFBC}") = "Tyuiu.YagodinVA.Sprint3.Task5.V16.Lib", "Tyuiu.YagodinVA.Sprint3.Task5.V16.Lib\Tyuiu.YagodinVA.Sprint3.Task5.V16.Lib.csproj", "{BEA517CE-2A96-49E6-A62C-F0C9EEBF1779}"
EndProject
Project("{FAE04EC0-301F-11D3-BF4B-00C04F79EFBC}") = "Tyuiu.YagodinVA.Sprint3.Task5.V16.Test", "Tyuiu.YagodinVA.Sprint3.Task5.V16.Test\Tyuiu.YagodinVA.Sprint3.Task5.V16.Test.csproj", "{E96E4A4F-803A-4B53-BF90-DB238FD3EF44}"
EndProject
Project("{2150E333-8FDC-42A3-9474-1A3956D46DE8}") = "Task6", "Task6", "{127636B5-5395-4D88-8C13-3C5822AFDDC0}"
EndProject
Project("{FAE04EC0-301F-11D3-BF4B-00C04F79EFBC}") = "Tyuiu.YagodinVA.Sprint3.Task6.V13", "Tyuiu.YagodinVA.Sprint3.Task6.V13\Tyuiu.YagodinVA.Sprint3.Task6.V13.csproj", "{BE07EF25-F50A-4D4D-92AF-08AE3E32CE55}"
EndProject
Project("{FAE04EC0-301F-11D3-BF4B-00C04F79EFBC}") = "Tyuiu.YagodinVA.Sprint3.Task6.V13.Lib", "Tyuiu.YagodinVA.Sprint3.Task6.V13.Lib\Tyuiu.YagodinVA.Sprint3.Task6.V13.Lib.csproj", "{52369690-D596-40BB-8F2F-A6727118CDFA}"
EndProject
Project("{FAE04EC0-301F-11D3-BF4B-00C04F79EFBC}") = "Tyuiu.YagodinVA.Sprint3.Task6.V13.Test", "Tyuiu.YagodinVA.Sprint3.Task6.V13.Test\Tyuiu.YagodinVA.Sprint3.Task6.V13.Test.csproj", "{2E69A38B-9945-43E4-97F0-95C1551AA2BA}"
EndProject
Project("{2150E333-8FDC-42A3-9474-1A3956D46DE8}") = "Task7", "Task7", "{0EA462C3-AC8B-46E4-A36D-0B6FC2731584}"
EndProject
Project("{FAE04EC0-301F-11D3-BF4B-00C04F79EFBC}") = "Tyuiu.YagodinVA.Sprint3.Task7.V12", "Tyuiu.YagodinVA.Sprint3.Task7.V12\Tyuiu.YagodinVA.Sprint3.Task7.V12.csproj", "{D9308D26-360E-4848-9FA5-21563DAE6977}"
EndProject
Project("{FAE04EC0-301F-11D3-BF4B-00C04F79EFBC}") = "Tyuiu.YagodinVA.Sprint3.Task7.V12.Lib", "Tyuiu.YagodinVA.Sprint3.Task7.V12.Lib\Tyuiu.YagodinVA.Sprint3.Task7.V12.Lib.csproj", "{697369A7-4D3D-4DA0-B8E4-2B0EAA1E79EC}"
EndProject
Project("{FAE04EC0-301F-11D3-BF4B-00C04F79EFBC}") = "Tyuiu.YagodinVA.Sprint3.Task7.V12.Test", "Tyuiu.YagodinVA.Sprint3.Task7.V12.Test\Tyuiu.YagodinVA.Sprint3.Task7.V12.Test.csproj", "{7776DD51-DC2B-48AE-9324-5111B90C8C7F}"
EndProject
Global
	GlobalSection(SolutionConfigurationPlatforms) = preSolution
		Debug|Any CPU = Debug|Any CPU
		Release|Any CPU = Release|Any CPU
	EndGlobalSection
	GlobalSection(ProjectConfigurationPlatforms) = postSolution
		{FD990CCF-627A-4093-9FC1-2DA9CE4329B0}.Debug|Any CPU.ActiveCfg = Debug|Any CPU
		{FD990CCF-627A-4093-9FC1-2DA9CE4329B0}.Debug|Any CPU.Build.0 = Debug|Any CPU
		{FD990CCF-627A-4093-9FC1-2DA9CE4329B0}.Release|Any CPU.ActiveCfg = Release|Any CPU
		{FD990CCF-627A-4093-9FC1-2DA9CE4329B0}.Release|Any CPU.Build.0 = Release|Any CPU
		{FA40BD78-341A-46BA-A61D-EDEF0368A569}.Debug|Any CPU.ActiveCfg = Debug|Any CPU
		{FA40BD78-341A-46BA-A61D-EDEF0368A569}.Debug|Any CPU.Build.0 = Debug|Any CPU
		{FA40BD78-341A-46BA-A61D-EDEF0368A569}.Release|Any CPU.ActiveCfg = Release|Any CPU
		{FA40BD78-341A-46BA-A61D-EDEF0368A569}.Release|Any CPU.Build.0 = Release|Any CPU
		{6FF6F6B0-0FBB-4079-AF3B-370FC7DC1D5F}.Debug|Any CPU.ActiveCfg = Debug|Any CPU
		{6FF6F6B0-0FBB-4079-AF3B-370FC7DC1D5F}.Debug|Any CPU.Build.0 = Debug|Any CPU
		{6FF6F6B0-0FBB-4079-AF3B-370FC7DC1D5F}.Release|Any CPU.ActiveCfg = Release|Any CPU
		{6FF6F6B0-0FBB-4079-AF3B-370FC7DC1D5F}.Release|Any CPU.Build.0 = Release|Any CPU
		{286B9943-1601-408F-BD04-6A5F01DD6979}.Debug|Any CPU.ActiveCfg = Debug|Any CPU
		{286B9943-1601-408F-BD04-6A5F01DD6979}.Debug|Any CPU.Build.0 = Debug|Any CPU
		{286B9943-1601-408F-BD04-6A5F01DD6979}.Release|Any CPU.ActiveCfg = Release|Any CPU
		{286B9943-1601-408F-BD04-6A5F01DD6979}.Release|Any CPU.Build.0 = Release|Any CPU
		{C6189786-E65C-4FD3-B0F5-0CD30C3C6373}.Debug|Any CPU.ActiveCfg = Debug|Any CPU
		{C6189786-E65C-4FD3-B0F5-0CD30C3C6373}.Debug|Any CPU.Build.0 = Debug|Any CPU
		{C6189786-E65C-4FD3-B0F5-0CD30C3C6373}.Release|Any CPU.ActiveCfg = Release|Any CPU
		{C6189786-E65C-4FD3-B0F5-0CD30C3C6373}.Release|Any CPU.Build.0 = Release|Any CPU
		{C5B25E44-5BAC-4DD8-944A-78FF0C544530}.Debug|Any CPU.ActiveCfg = Debug|Any CPU
		{C5B25E44-5BAC-4DD8-944A-78FF0C544530}.Debug|Any CPU.Build.0 = Debug|Any CPU
		{C5B25E44-5BAC-4DD8-944A-78FF0C544530}.Release|Any CPU.ActiveCfg = Release|Any CPU
		{C5B25E44-5BAC-4DD8-944A-78FF0C544530}.Release|Any CPU.Build.0 = Release|Any CPU
		{83B96C41-8A09-43D3-A531-C4358FE23629}.Debug|Any CPU.ActiveCfg = Debug|Any CPU
		{83B96C41-8A09-43D3-A531-C4358FE23629}.Debug|Any CPU.Build.0 = Debug|Any CPU
		{83B96C41-8A09-43D3-A531-C4358FE23629}.Release|Any CPU.ActiveCfg = Release|Any CPU
		{83B96C41-8A09-43D3-A531-C4358FE23629}.Release|Any CPU.Build.0 = Release|Any CPU
		{F71F3A1B-40EA-4B3A-B1E5-02B37A5BC7FA}.Debug|Any CPU.ActiveCfg = Debug|Any CPU
		{F71F3A1B-40EA-4B3A-B1E5-02B37A5BC7FA}.Debug|Any CPU.Build.0 = Debug|Any CPU
		{F71F3A1B-40EA-4B3A-B1E5-02B37A5BC7FA}.Release|Any CPU.ActiveCfg = Release|Any CPU
		{F71F3A1B-40EA-4B3A-B1E5-02B37A5BC7FA}.Release|Any CPU.Build.0 = Release|Any CPU
		{A46286D2-68DD-4A2E-99E9-F072F50D1E6A}.Debug|Any CPU.ActiveCfg = Debug|Any CPU
		{A46286D2-68DD-4A2E-99E9-F072F50D1E6A}.Debug|Any CPU.Build.0 = Debug|Any CPU
		{A46286D2-68DD-4A2E-99E9-F072F50D1E6A}.Release|Any CPU.ActiveCfg = Release|Any CPU
		{A46286D2-68DD-4A2E-99E9-F072F50D1E6A}.Release|Any CPU.Build.0 = Release|Any CPU
		{3F00680A-21AE-49FF-A526-CA3799C0BDDE}.Debug|Any CPU.ActiveCfg = Debug|Any CPU
		{3F00680A-21AE-49FF-A526-CA3799C0BDDE}.Debug|Any CPU.Build.0 = Debug|Any CPU
		{3F00680A-21AE-49FF-A526-CA3799C0BDDE}.Release|Any CPU.ActiveCfg = Release|Any CPU
		{3F00680A-21AE-49FF-A526-CA3799C0BDDE}.Release|Any CPU.Build.0 = Release|Any CPU
		{ECA5F682-6506-42A7-B405-B3F12E897004}.Debug|Any CPU.ActiveCfg = Debug|Any CPU
		{ECA5F682-6506-42A7-B405-B3F12E897004}.Debug|Any CPU.Build.0 = Debug|Any CPU
		{ECA5F682-6506-42A7-B405-B3F12E897004}.Release|Any CPU.ActiveCfg = Release|Any CPU
		{ECA5F682-6506-42A7-B405-B3F12E897004}.Release|Any CPU.Build.0 = Release|Any CPU
		{D450D1C7-C022-4A95-B93D-5A991B865931}.Debug|Any CPU.ActiveCfg = Debug|Any CPU
		{D450D1C7-C022-4A95-B93D-5A991B865931}.Debug|Any CPU.Build.0 = Debug|Any CPU
		{D450D1C7-C022-4A95-B93D-5A991B865931}.Release|Any CPU.ActiveCfg = Release|Any CPU
		{D450D1C7-C022-4A95-B93D-5A991B865931}.Release|Any CPU.Build.0 = Release|Any CPU
		{03DCF82E-19C6-49C1-B3D7-24F537BFAEA1}.Debug|Any CPU.ActiveCfg = Debug|Any CPU
		{03DCF82E-19C6-49C1-B3D7-24F537BFAEA1}.Debug|Any CPU.Build.0 = Debug|Any CPU
		{03DCF82E-19C6-49C1-B3D7-24F537BFAEA1}.Release|Any CPU.ActiveCfg = Release|Any CPU
		{03DCF82E-19C6-49C1-B3D7-24F537BFAEA1}.Release|Any CPU.Build.0 = Release|Any CPU
		{7E9F940B-37CA-4033-9742-3B1F53099AD3}.Debug|Any CPU.ActiveCfg = Debug|Any CPU
		{7E9F940B-37CA-4033-9742-3B1F53099AD3}.Debug|Any CPU.Build.0 = Debug|Any CPU
		{7E9F940B-37CA-4033-9742-3B1F53099AD3}.Release|Any CPU.ActiveCfg = Release|Any CPU
		{7E9F940B-37CA-4033-9742-3B1F53099AD3}.Release|Any CPU.Build.0 = Release|Any CPU
		{E16DC285-5F6F-49D0-BE1E-5269F013A7DC}.Debug|Any CPU.ActiveCfg = Debug|Any CPU
		{E16DC285-5F6F-49D0-BE1E-5269F013A7DC}.Debug|Any CPU.Build.0 = Debug|Any CPU
		{E16DC285-5F6F-49D0-BE1E-5269F013A7DC}.Release|Any CPU.ActiveCfg = Release|Any CPU
		{E16DC285-5F6F-49D0-BE1E-5269F013A7DC}.Release|Any CPU.Build.0 = Release|Any CPU
		{150A7AD6-D21F-4EFF-B8CF-2EC4A25305AE}.Debug|Any CPU.ActiveCfg = Debug|Any CPU
		{150A7AD6-D21F-4EFF-B8CF-2EC4A25305AE}.Debug|Any CPU.Build.0 = Debug|Any CPU
		{150A7AD6-D21F-4EFF-B8CF-2EC4A25305AE}.Release|Any CPU.ActiveCfg = Release|Any CPU
		{150A7AD6-D21F-4EFF-B8CF-2EC4A25305AE}.Release|Any CPU.Build.0 = Release|Any CPU
		{BEA517CE-2A96-49E6-A62C-F0C9EEBF1779}.Debug|Any CPU.ActiveCfg = Debug|Any CPU
		{BEA517CE-2A96-49E6-A62C-F0C9EEBF1779}.Debug|Any CPU.Build.0 = Debug|Any CPU
		{BEA517CE-2A96-49E6-A62C-F0C9EEBF1779}.Release|Any CPU.ActiveCfg = Release|Any CPU
		{BEA517CE-2A96-49E6-A62C-F0C9EEBF1779}.Release|Any CPU.Build.0 = Release|Any CPU
		{E96E4A4F-803A-4B53-BF90-DB238FD3EF44}.Debug|Any CPU.ActiveCfg = Debug|Any CPU
		{E96E4A4F-803A-4B53-BF90-DB238FD3EF44}.Debug|Any CPU.Build.0 = Debug|Any CPU
		{E96E4A4F-803A-4B53-BF90-DB238FD3EF44}.Release|Any CPU.ActiveCfg = Release|Any CPU
		{E96E4A4F-803A-4B53-BF90-DB238FD3EF44}.Release|Any CPU.Build.0 = Release|Any CPU
		{BE07EF25-F50A-4D4D-92AF-08AE3E32CE55}.Debug|Any CPU.ActiveCfg = Debug|Any CPU
		{BE07EF25-F50A-4D4D-92AF-08AE3E32CE55}.Debug|Any CPU.Build.0 = Debug|Any CPU
		{BE07EF25-F50A-4D4D-92AF-08AE3E32CE55}.Release|Any CPU.ActiveCfg = Release|Any CPU
		{BE07EF25-F50A-4D4D-92AF-08AE3E32CE55}.Release|Any CPU.Build.0 = Release|Any CPU
		{52369690-D596-40BB-8F2F-A6727118CDFA}.Debug|Any CPU.ActiveCfg = Debug|Any CPU
		{52369690-D596-40BB-8F2F-A6727118CDFA}.Debug|Any CPU.Build.0 = Debug|Any CPU
		{52369690-D596-40BB-8F2F-A6727118CDFA}.Release|Any CPU.ActiveCfg = Release|Any CPU
		{52369690-D596-40BB-8F2F-A6727118CDFA}.Release|Any CPU.Build.0 = Release|Any CPU
		{2E69A38B-9945-43E4-97F0-95C1551AA2BA}.Debug|Any CPU.ActiveCfg = Debug|Any CPU
		{2E69A38B-9945-43E4-97F0-95C1551AA2BA}.Debug|Any CPU.Build.0 = Debug|Any CPU
		{2E69A38B-9945-43E4-97F0-95C1551AA2BA}.Release|Any CPU.ActiveCfg = Release|Any CPU
		{2E69A38B-9945-43E4-97F0-95C1551AA2BA}.Release|Any CPU.Build.0 = Release|Any CPU
		{D9308D26-360E-4848-9FA5-21563DAE6977}.Debug|Any CPU.ActiveCfg = Debug|Any CPU
		{D9308D26-360E-4848-9FA5-21563DAE6977}.Debug|Any CPU.Build.0 = Debug|Any CPU
		{D9308D26-360E-4848-9FA5-21563DAE6977}.Release|Any CPU.ActiveCfg = Release|Any CPU
		{D9308D26-360E-4848-9FA5-21563DAE6977}.Release|Any CPU.Build.0 = Release|Any CPU
		{697369A7-4D3D-4DA0-B8E4-2B0EAA1E79EC}.Debug|Any CPU.ActiveCfg = Debug|Any CPU
		{697369A7-4D3D-4DA0-B8E4-2B0EAA1E79EC}.Debug|Any CPU.Build.0 = Debug|Any CPU
		{697369A7-4D3D-4DA0-B8E4-2B0EAA1E79EC}.Release|Any CPU.ActiveCfg = Release|Any CPU
		{697369A7-4D3D-4DA0-B8E4-2B0EAA1E79EC}.Release|Any CPU.Build.0 = Release|Any CPU
		{7776DD51-DC2B-48AE-9324-5111B90C8C7F}.Debug|Any CPU.ActiveCfg = Debug|Any CPU
		{7776DD51-DC2B-48AE-9324-5111B90C8C7F}.Debug|Any CPU.Build.0 = Debug|Any CPU
		{7776DD51-DC2B-48AE-9324-5111B90C8C7F}.Release|Any CPU.ActiveCfg = Release|Any CPU
		{7776DD51-DC2B-48AE-9324-5111B90C8C7F}.Release|Any CPU.Build.0 = Release|Any CPU
	EndGlobalSection
	GlobalSection(SolutionProperties) = preSolution
		HideSolutionNode = FALSE
	EndGlobalSection
	GlobalSection(NestedProjects) = preSolution
		{FD990CCF-627A-4093-9FC1-2DA9CE4329B0} = {92EB78C5-0047-47B6-9DD7-F83D99E5D72B}
		{FA40BD78-341A-46BA-A61D-EDEF0368A569} = {92EB78C5-0047-47B6-9DD7-F83D99E5D72B}
		{6FF6F6B0-0FBB-4079-AF3B-370FC7DC1D5F} = {92EB78C5-0047-47B6-9DD7-F83D99E5D72B}
		{286B9943-1601-408F-BD04-6A5F01DD6979} = {56EC3A33-B933-4464-96AC-F8393999DF31}
		{C6189786-E65C-4FD3-B0F5-0CD30C3C6373} = {56EC3A33-B933-4464-96AC-F8393999DF31}
		{C5B25E44-5BAC-4DD8-944A-78FF0C544530} = {56EC3A33-B933-4464-96AC-F8393999DF31}
		{83B96C41-8A09-43D3-A531-C4358FE23629} = {667DDD50-3439-41E9-8850-16A69B488923}
		{F71F3A1B-40EA-4B3A-B1E5-02B37A5BC7FA} = {667DDD50-3439-41E9-8850-16A69B488923}
		{A46286D2-68DD-4A2E-99E9-F072F50D1E6A} = {667DDD50-3439-41E9-8850-16A69B488923}
		{3F00680A-21AE-49FF-A526-CA3799C0BDDE} = {34B60750-68A1-4B01-8ECE-F32DB89C5141}
		{ECA5F682-6506-42A7-B405-B3F12E897004} = {34B60750-68A1-4B01-8ECE-F32DB89C5141}
		{D450D1C7-C022-4A95-B93D-5A991B865931} = {34B60750-68A1-4B01-8ECE-F32DB89C5141}
		{03DCF82E-19C6-49C1-B3D7-24F537BFAEA1} = {4B374E34-5B07-4865-A348-38F87320E136}
		{7E9F940B-37CA-4033-9742-3B1F53099AD3} = {4B374E34-5B07-4865-A348-38F87320E136}
		{E16DC285-5F6F-49D0-BE1E-5269F013A7DC} = {4B374E34-5B07-4865-A348-38F87320E136}
		{150A7AD6-D21F-4EFF-B8CF-2EC4A25305AE} = {AB4BD6E9-FC93-4A95-B43D-3A0543667175}
		{BEA517CE-2A96-49E6-A62C-F0C9EEBF1779} = {AB4BD6E9-FC93-4A95-B43D-3A0543667175}
		{E96E4A4F-803A-4B53-BF90-DB238FD3EF44} = {AB4BD6E9-FC93-4A95-B43D-3A0543667175}
		{BE07EF25-F50A-4D4D-92AF-08AE3E32CE55} = {127636B5-5395-4D88-8C13-3C5822AFDDC0}
		{52369690-D596-40BB-8F2F-A6727118CDFA} = {127636B5-5395-4D88-8C13-3C5822AFDDC0}
		{2E69A38B-9945-43E4-97F0-95C1551AA2BA} = {127636B5-5395-4D88-8C13-3C5822AFDDC0}
		{D9308D26-360E-4848-9FA5-21563DAE6977} = {0EA462C3-AC8B-46E4-A36D-0B6FC2731584}
		{697369A7-4D3D-4DA0-B8E4-2B0EAA1E79EC} = {0EA462C3-AC8B-46E4-A36D-0B6FC2731584}
		{7776DD51-DC2B-48AE-9324-5111B90C8C7F} = {0EA462C3-AC8B-46E4-A36D-0B6FC2731584}
	EndGlobalSection
	GlobalSection(ExtensibilityGlobals) = postSolution
		SolutionGuid = {2BEE656D-C057-4AB6-BCB8-A608C95AB9A4}
	EndGlobalSection
EndGlobal
