
Microsoft Visual Studio Solution File, Format Version 12.00
# Visual Studio Version 16
VisualStudioVersion = 16.0.34031.81
MinimumVisualStudioVersion = 10.0.40219.1
Project("{2150E333-8FDC-42A3-9474-1A3956D46DE8}") = "Task0", "Task0", "{92EB78C5-0047-47B6-9DD7-F83D99E5D72B}"
EndProject
Project("{FAE04EC0-301F-11D3-BF4B-00C04F79EFBC}") = "Tyuiu.YagodinVA.Sprint3.Task0.V28", "Tyuiu.YagodinVA.Sprint3.Task0.V28\Tyuiu.YagodinVA.Sprint3.Task0.V28.csproj", "{FD990CCF-627A-4093-9FC1-2DA9CE4329B0}"
EndProject
Project("{FAE04EC0-301F-11D3-BF4B-00C04F79EFBC}") = "Tyuiu.YagodinVA.Sprint3.Task0.V28.Lib", "Tyuiu.YagodinVA.Sprint3.Task0.V28.Lib\Tyuiu.YagodinVA.Sprint3.Task0.V28.Lib.csproj", "{FA40BD78-341A-46BA-A61D-EDEF0368A569}"
EndProject
Project("{FAE04EC0-301F-11D3-BF4B-00C04F79EFBC}") = "Tyuiu.YagodinVA.Sprint3.Task0.V28.Test", "Tyuiu.YagodinVA.Sprint3.Task0.V28.Test\Tyuiu.YagodinVA.Sprint3.Task0.V28.Test.csproj", "{6FF6F6B0-0FBB-4079-AF3B-370FC7DC1D5F}"
EndProject
Project("{2150E333-8FDC-42A3-9474-1A3956D46DE8}") = "Task1", "Task1", "{56EC3A33-B933-4464-96AC-F8393999DF31}"
EndProject
Project("{FAE04EC0-301F-11D3-BF4B-00C04F79EFBC}") = "Tyuiu.YagodinVA.Sprint3.Task1.V26", "Tyuiu.YagodinVA.Sprint3.Task1.V26\Tyuiu.YagodinVA.Sprint3.Task1.V26.csproj", "{286B9943-1601-408F-BD04-6A5F01DD6979}"
EndProject
Project("{FAE04EC0-301F-11D3-BF4B-00C04F79EFBC}") = "Tyuiu.YagodinVA.Sprint3.Task1.V26.Lib", "Tyuiu.YagodinVA.Sprint3.Task1.V26.Lib\Tyuiu.YagodinVA.Sprint3.Task1.V26.Lib.csproj", "{C6189786-E65C-4FD3-B0F5-0CD30C3C6373}"
EndProject
Project("{FAE04EC0-301F-11D3-BF4B-00C04F79EFBC}") = "Tyuiu.YagodinVA.Sprint3.Task1.V26.Test", "Tyuiu.YagodinVA.Sprint3.Task1.V26.Test\Tyuiu.YagodinVA.Sprint3.Task1.V26.Test.csproj", "{C5B25E44-5BAC-4DD8-944A-78FF0C544530}"
EndProject
Project("{2150E333-8FDC-42A3-9474-1A3956D46DE8}") = "Task2", "Task2", "{667DDD50-3439-41E9-8850-16A69B488923}"
EndProject
Project("{FAE04EC0-301F-11D3-BF4B-00C04F79EFBC}") = "Tyuiu.YagodinVA.Sprint3.Task2.V3", "Tyuiu.YagodinVA.Sprint3.Task2.V3\Tyuiu.YagodinVA.Sprint3.Task2.V3.csproj", "{83B96C41-8A09-43D3-A531-C4358FE23629}"
EndProject
Project("{FAE04EC0-301F-11D3-BF4B-00C04F79EFBC}") = "Tyuiu.YagodinVA.Sprint3.Task2.V3.Lib", "Tyuiu.YagodinVA.Sprint3.Task2.V3.Lib\Tyuiu.YagodinVA.Sprint3.Task2.V3.Lib.csproj", "{F71F3A1B-40EA-4B3A-B1E5-02B37A5BC7FA}"
EndProject
Project("{FAE04EC0-301F-11D3-BF4B-00C04F79EFBC}") = "Tyuiu.YagodinVA.Sprint3.Task2.V3.Test", "Tyuiu.YagodinVA.Sprint3.Task2.V3.Test\Tyuiu.YagodinVA.Sprint3.Task2.V3.Test.csproj", "{A46286D2-68DD-4A2E-99E9-F072F50D1E6A}"
EndProject
Project("{2150E333-8FDC-42A3-9474-1A3956D46DE8}") = "Task3", "Task3", "{34B60750-68A1-4B01-8ECE-F32DB89C5141}"
EndProject
Project("{FAE04EC0-301F-11D3-BF4B-00C04F79EFBC}") = "Tyuiu.YagodinVA.Sprint3.Task3.V16", "Tyuiu.YagodinVA.Sprint3.Task3.V16\Tyuiu.YagodinVA.Sprint3.Task3.V16.csproj", "{3F00680A-21AE-49FF-A526-CA3799C0BDDE}"
EndProject
Project("{FAE04EC0-301F-11D3-BF4B-00C04F79EFBC}") = "Tyuiu.YagodinVA.Sprint3.Task3.V16.Lib", "Tyuiu.YagodinVA.Sprint3.Task3.V16.Lib\Tyuiu.YagodinVA.Sprint3.Task3.V16.Lib.csproj", "{ECA5F682-6506-42A7-B405-B3F12E897004}"
EndProject
Project("{FAE04EC0-301F-11D3-BF4B-00C04F79EFBC}") = "Tyuiu.YagodinVA.Sprint3.Task3.V16.Test", "Tyuiu.YagodinVA.Sprint3.Task3.V16.Test\Tyuiu.YagodinVA.Sprint3.Task3.V16.Test.csproj", "{D450D1C7-C022-4A95-B93D-5A991B865931}"
EndProject
Global
	GlobalSection(SolutionConfigurationPlatforms) = preSolution
		Debug|Any CPU = Debug|Any CPU
		Release|Any CPU = Release|Any CPU
	EndGlobalSection
	GlobalSection(ProjectConfigurationPlatforms) = postSolution
		{FD990CCF-627A-4093-9FC1-2DA9CE4329B0}.Debug|Any CPU.ActiveCfg = Debug|Any CPU
		{FD990CCF-627A-4093-9FC1-2DA9CE4329B0}.Debug|Any CPU.Build.0 = Debug|Any CPU
		{FD990CCF-627A-4093-9FC1-2DA9CE4329B0}.Release|Any CPU.ActiveCfg = Release|Any CPU
		{FD990CCF-627A-4093-9FC1-2DA9CE4329B0}.Release|Any CPU.Build.0 = Release|Any CPU
		{FA40BD78-341A-46BA-A61D-EDEF0368A569}.Debug|Any CPU.ActiveCfg = Debug|Any CPU
		{FA40BD78-341A-46BA-A61D-EDEF0368A569}.Debug|Any CPU.Build.0 = Debug|Any CPU
		{FA40BD78-341A-46BA-A61D-EDEF0368A569}.Release|Any CPU.ActiveCfg = Release|Any CPU
		{FA40BD78-341A-46BA-A61D-EDEF0368A569}.Release|Any CPU.Build.0 = Release|Any CPU
		{6FF6F6B0-0FBB-4079-AF3B-370FC7DC1D5F}.Debug|Any CPU.ActiveCfg = Debug|Any CPU
		{6FF6F6B0-0FBB-4079-AF3B-370FC7DC1D5F}.Debug|Any CPU.Build.0 = Debug|Any CPU
		{6FF6F6B0-0FBB-4079-AF3B-370FC7DC1D5F}.Release|Any CPU.ActiveCfg = Release|Any CPU
		{6FF6F6B0-0FBB-4079-AF3B-370FC7DC1D5F}.Release|Any CPU.Build.0 = Release|Any CPU
		{286B9943-1601-408F-BD04-6A5F01DD6979}.Debug|Any CPU.ActiveCfg = Debug|Any CPU
		{286B9943-1601-408F-BD04-6A5F01DD6979}.Debug|Any CPU.Build.0 = Debug|Any CPU
		{286B9943-1601-408F-BD04-6A5F01DD6979}.Release|Any CPU.ActiveCfg = Release|Any CPU
		{286B9943-1601-408F-BD04-6A5F01DD6979}.Release|Any CPU.Build.0 = Release|Any CPU
		{C6189786-E65C-4FD3-B0F5-0CD30C3C6373}.Debug|Any CPU.ActiveCfg = Debug|Any CPU
		{C6189786-E65C-4FD3-B0F5-0CD30C3C6373}.Debug|Any CPU.Build.0 = Debug|Any CPU
		{C6189786-E65C-4FD3-B0F5-0CD30C3C6373}.Release|Any CPU.ActiveCfg = Release|Any CPU
		{C6189786-E65C-4FD3-B0F5-0CD30C3C6373}.Release|Any CPU.Build.0 = Release|Any CPU
		{C5B25E44-5BAC-4DD8-944A-78FF0C544530}.Debug|Any CPU.ActiveCfg = Debug|Any CPU
		{C5B25E44-5BAC-4DD8-944A-78FF0C544530}.Debug|Any CPU.Build.0 = Debug|Any CPU
		{C5B25E44-5BAC-4DD8-944A-78FF0C544530}.Release|Any CPU.ActiveCfg = Release|Any CPU
		{C5B25E44-5BAC-4DD8-944A-78FF0C544530}.Release|Any CPU.Build.0 = Release|Any CPU
		{83B96C41-8A09-43D3-A531-C4358FE23629}.Debug|Any CPU.ActiveCfg = Debug|Any CPU
		{83B96C41-8A09-43D3-A531-C4358FE23629}.Debug|Any CPU.Build.0 = Debug|Any CPU
		{83B96C41-8A09-43D3-A531-C4358FE23629}.Release|Any CPU.ActiveCfg = Release|Any CPU
		{83B96C41-8A09-43D3-A531-C4358FE23629}.Release|Any CPU.Build.0 = Release|Any CPU
		{F71F3A1B-40EA-4B3A-B1E5-02B37A5BC7FA}.Debug|Any CPU.ActiveCfg = Debug|Any CPU
		{F71F3A1B-40EA-4B3A-B1E5-02B37A5BC7FA}.Debug|Any CPU.Build.0 = Debug|Any CPU
		{F71F3A1B-40EA-4B3A-B1E5-02B37A5BC7FA}.Release|Any CPU.ActiveCfg = Release|Any CPU
		{F71F3A1B-40EA-4B3A-B1E5-02B37A5BC7FA}.Release|Any CPU.Build.0 = Release|Any CPU
		{A46286D2-68DD-4A2E-99E9-F072F50D1E6A}.Debug|Any CPU.ActiveCfg = Debug|Any CPU
		{A46286D2-68DD-4A2E-99E9-F072F50D1E6A}.Debug|Any CPU.Build.0 = Debug|Any CPU
		{A46286D2-68DD-4A2E-99E9-F072F50D1E6A}.Release|Any CPU.ActiveCfg = Release|Any CPU
		{A46286D2-68DD-4A2E-99E9-F072F50D1E6A}.Release|Any CPU.Build.0 = Release|Any CPU
		{3F00680A-21AE-49FF-A526-CA3799C0BDDE}.Debug|Any CPU.ActiveCfg = Debug|Any CPU
		{3F00680A-21AE-49FF-A526-CA3799C0BDDE}.Debug|Any CPU.Build.0 = Debug|Any CPU
		{3F00680A-21AE-49FF-A526-CA3799C0BDDE}.Release|Any CPU.ActiveCfg = Release|Any CPU
		{3F00680A-21AE-49FF-A526-CA3799C0BDDE}.Release|Any CPU.Build.0 = Release|Any CPU
		{ECA5F682-6506-42A7-B405-B3F12E897004}.Debug|Any CPU.ActiveCfg = Debug|Any CPU
		{ECA5F682-6506-42A7-B405-B3F12E897004}.Debug|Any CPU.Build.0 = Debug|Any CPU
		{ECA5F682-6506-42A7-B405-B3F12E897004}.Release|Any CPU.ActiveCfg = Release|Any CPU
		{ECA5F682-6506-42A7-B405-B3F12E897004}.Release|Any CPU.Build.0 = Release|Any CPU
		{D450D1C7-C022-4A95-B93D-5A991B865931}.Debug|Any CPU.ActiveCfg = Debug|Any CPU
		{D450D1C7-C022-4A95-B93D-5A991B865931}.Debug|Any CPU.Build.0 = Debug|Any CPU
		{D450D1C7-C022-4A95-B93D-5A991B865931}.Release|Any CPU.ActiveCfg = Release|Any CPU
		{D450D1C7-C022-4A95-B93D-5A991B865931}.Release|Any CPU.Build.0 = Release|Any CPU
	EndGlobalSection
	GlobalSection(SolutionProperties) = preSolution
		HideSolutionNode = FALSE
	EndGlobalSection
	GlobalSection(NestedProjects) = preSolution
		{FD990CCF-627A-4093-9FC1-2DA9CE4329B0} = {92EB78C5-0047-47B6-9DD7-F83D99E5D72B}
		{FA40BD78-341A-46BA-A61D-EDEF0368A569} = {92EB78C5-0047-47B6-9DD7-F83D99E5D72B}
		{6FF6F6B0-0FBB-4079-AF3B-370FC7DC1D5F} = {92EB78C5-0047-47B6-9DD7-F83D99E5D72B}
		{286B9943-1601-408F-BD04-6A5F01DD6979} = {56EC3A33-B933-4464-96AC-F8393999DF31}
		{C6189786-E65C-4FD3-B0F5-0CD30C3C6373} = {56EC3A33-B933-4464-96AC-F8393999DF31}
		{C5B25E44-5BAC-4DD8-944A-78FF0C544530} = {56EC3A33-B933-4464-96AC-F8393999DF31}
		{83B96C41-8A09-43D3-A531-C4358FE23629} = {667DDD50-3439-41E9-8850-16A69B488923}
		{F71F3A1B-40EA-4B3A-B1E5-02B37A5BC7FA} = {667DDD50-3439-41E9-8850-16A69B488923}
		{A46286D2-68DD-4A2E-99E9-F072F50D1E6A} = {667DDD50-3439-41E9-8850-16A69B488923}
		{3F00680A-21AE-49FF-A526-CA3799C0BDDE} = {34B60750-68A1-4B01-8ECE-F32DB89C5141}
		{ECA5F682-6506-42A7-B405-B3F12E897004} = {34B60750-68A1-4B01-8ECE-F32DB89C5141}
		{D450D1C7-C022-4A95-B93D-5A991B865931} = {34B60750-68A1-4B01-8ECE-F32DB89C5141}
	EndGlobalSection
	GlobalSection(ExtensibilityGlobals) = postSolution
		SolutionGuid = {2BEE656D-C057-4AB6-BCB8-A608C95AB9A4}
	EndGlobalSection
EndGlobal
